<?xml version="1.0" encoding="utf-8"?>
<Project ToolsVersion="4.0" xmlns="http://schemas.microsoft.com/developer/msbuild/2003">
  <ItemGroup>
    <Filter Include="Nathy">
      <UniqueIdentifier>{89A3B90D-F5B7-E1BE-BE39-851E2A0DDEEF}</UniqueIdentifier>
    </Filter>
  </ItemGroup>
  <ItemGroup>
    <ClInclude Include="src\Nathy.h" />
    <ClInclude Include="src\Nathy\Application.h">
      <Filter>Nathy</Filter>
    </ClInclude>
    <ClInclude Include="src\Nathy\Core.h">
      <Filter>Nathy</Filter>
    </ClInclude>
    <ClInclude Include="src\Nathy\EntryPoint.h">
      <Filter>Nathy</Filter>
    </ClInclude>
    <ClInclude Include="src\Nathy\Log.h">
      <Filter>Nathy</Filter>
    </ClInclude>
  </ItemGroup>
  <ItemGroup>
    <ClCompile Include="src\Nathy\Application.cpp">
      <Filter>Nathy</Filter>
    </ClCompile>
    <ClCompile Include="src\Nathy\Log.cpp">
      <Filter>Nathy</Filter>
    </ClCompile>
  </ItemGroup>
</Project>